
Microsoft Visual Studio Solution File, Format Version 12.00
# Visual Studio Version 16
VisualStudioVersion = 16.0.35826.135
MinimumVisualStudioVersion = 10.0.40219.1
Project("{FAE04EC0-301F-11D3-BF4B-00C04F79EFBC}") = "StandardMenu", "StandardMenu.csproj", "{74D78B7A-C124-4132-BFEB-47E4F51B4B15}"
EndProject
Global
	GlobalSection(SolutionConfigurationPlatforms) = preSolution
		Debug|Any CPU = Debug|Any CPU
		Release|Any CPU = Release|Any CPU
	EndGlobalSection
	GlobalSection(ProjectConfigurationPlatforms) = postSolution
		{74D78B7A-C124-4132-BFEB-47E4F51B4B15}.Debug|Any CPU.ActiveCfg = Debug|Any CPU
		{74D78B7A-C124-4132-BFEB-47E4F51B4B15}.Debug|Any CPU.Build.0 = Debug|Any CPU
		{74D78B7A-C124-4132-BFEB-47E4F51B4B15}.Release|Any CPU.ActiveCfg = Release|Any CPU
		{74D78B7A-C124-4132-BFEB-47E4F51B4B15}.Release|Any CPU.Build.0 = Release|Any CPU
	EndGlobalSection
	GlobalSection(SolutionProperties) = preSolution
		HideSolutionNode = FALSE
	EndGlobalSection
	GlobalSection(ExtensibilityGlobals) = postSolution
		SolutionGuid = {D59AC75D-89F7-4E06-8881-3A4D67F48DB5}
	EndGlobalSection
EndGlobal
